
Microsoft Visual Studio Solution File, Format Version 12.00
# Visual Studio Version 16
VisualStudioVersion = 25.0.1706.7
MinimumVisualStudioVersion = 10.0.40219.1
Project("{FAE04EC0-301F-11D3-BF4B-00C04F79EFBC}") = "PalindromeExercise", "PalindromeExercise.csproj", "{07D9D5F3-237E-4AFD-BD57-89AA5090C505}"
EndProject
Global
	GlobalSection(SolutionConfigurationPlatforms) = preSolution
		Debug|Any CPU = Debug|Any CPU
		Release|Any CPU = Release|Any CPU
	EndGlobalSection
	GlobalSection(ProjectConfigurationPlatforms) = postSolution
		{07D9D5F3-237E-4AFD-BD57-89AA5090C505}.Debug|Any CPU.ActiveCfg = Debug|Any CPU
		{07D9D5F3-237E-4AFD-BD57-89AA5090C505}.Debug|Any CPU.Build.0 = Debug|Any CPU
		{07D9D5F3-237E-4AFD-BD57-89AA5090C505}.Release|Any CPU.ActiveCfg = Release|Any CPU
		{07D9D5F3-237E-4AFD-BD57-89AA5090C505}.Release|Any CPU.Build.0 = Release|Any CPU
	EndGlobalSection
	GlobalSection(SolutionProperties) = preSolution
		HideSolutionNode = FALSE
	EndGlobalSection
	GlobalSection(ExtensibilityGlobals) = postSolution
		SolutionGuid = {188140F5-A0C2-4C9E-8A70-6DF70C46B69C}
	EndGlobalSection
EndGlobal
